
Microsoft Visual Studio Solution File, Format Version 12.00
Project("{FAE04EC0-301F-11D3-BF4B-00C04F79EFBC}") = "Lab_1", "Lab_1\Lab_1.csproj", "{08A779EC-C44F-4D3A-8E33-33878131B157}"
EndProject
Project("{FAE04EC0-301F-11D3-BF4B-00C04F79EFBC}") = "Lab_2", "Lab_2\Lab_2.csproj", "{D316E8C4-31D4-40D6-996A-CCB1D2D74216}"
EndProject
Global
	GlobalSection(SolutionConfigurationPlatforms) = preSolution
		Debug|Any CPU = Debug|Any CPU
		Release|Any CPU = Release|Any CPU
	EndGlobalSection
	GlobalSection(ProjectConfigurationPlatforms) = postSolution
		{08A779EC-C44F-4D3A-8E33-33878131B157}.Debug|Any CPU.ActiveCfg = Debug|Any CPU
		{08A779EC-C44F-4D3A-8E33-33878131B157}.Debug|Any CPU.Build.0 = Debug|Any CPU
		{08A779EC-C44F-4D3A-8E33-33878131B157}.Release|Any CPU.ActiveCfg = Release|Any CPU
		{08A779EC-C44F-4D3A-8E33-33878131B157}.Release|Any CPU.Build.0 = Release|Any CPU
		{D316E8C4-31D4-40D6-996A-CCB1D2D74216}.Debug|Any CPU.ActiveCfg = Debug|Any CPU
		{D316E8C4-31D4-40D6-996A-CCB1D2D74216}.Debug|Any CPU.Build.0 = Debug|Any CPU
		{D316E8C4-31D4-40D6-996A-CCB1D2D74216}.Release|Any CPU.ActiveCfg = Release|Any CPU
		{D316E8C4-31D4-40D6-996A-CCB1D2D74216}.Release|Any CPU.Build.0 = Release|Any CPU
	EndGlobalSection
EndGlobal
